// !$*UTF8*$!
{
	archiveVersion = 1;
	classes = {
	};
	objectVersion = 46;
	objects = {

/* Begin PBXBuildFile section */
		5F866AF8510C411297519C14 /* libPods.a in Frameworks */ = {isa = PBXBuildFile; fileRef = C64A35BB9BE04865B12E6230 /* libPods.a */; };
		CB1102DD1937704A0047684C /* SDRHotelViewController.m in Sources */ = {isa = PBXBuildFile; fileRef = CB1102DC1937704A0047684C /* SDRHotelViewController.m */; };
		CB2F740C195F9FD10072570F /* SystemConfiguration.framework in Frameworks */ = {isa = PBXBuildFile; fileRef = CB2F740B195F9FD10072570F /* SystemConfiguration.framework */; };
		CB4447CB18D4082800F3854B /* leveredgeLogo@2x.png in Resources */ = {isa = PBXBuildFile; fileRef = CB4447CA18D4082800F3854B /* leveredgeLogo@2x.png */; };
		CB4447CD18D4116000F3854B /* leveredgeLogoHero@2x.png in Resources */ = {isa = PBXBuildFile; fileRef = CB4447CC18D4116000F3854B /* leveredgeLogoHero@2x.png */; };
		CB4447CF18D4165900F3854B /* filterIcon@2x.png in Resources */ = {isa = PBXBuildFile; fileRef = CB4447CE18D4165900F3854B /* filterIcon@2x.png */; };
		CB4447D118D4176300F3854B /* filterIconSmall@2x.png in Resources */ = {isa = PBXBuildFile; fileRef = CB4447D018D4176300F3854B /* filterIconSmall@2x.png */; };
		CB4447D418D4AE4D00F3854B /* SDRSelectionsViewController.m in Sources */ = {isa = PBXBuildFile; fileRef = CB4447D318D4AE4D00F3854B /* SDRSelectionsViewController.m */; };
		CB4447DE18D4F2A500F3854B /* knifeAndForkHighlighted@2x.png in Resources */ = {isa = PBXBuildFile; fileRef = CB4447DA18D4F2A500F3854B /* knifeAndForkHighlighted@2x.png */; };
		CB4447DF18D4F2A500F3854B /* knifeAndForkUnhighlighted@2x.png in Resources */ = {isa = PBXBuildFile; fileRef = CB4447DB18D4F2A500F3854B /* knifeAndForkUnhighlighted@2x.png */; };
		CB4447E018D4F2A500F3854B /* selectionsHighlighted@2x.png in Resources */ = {isa = PBXBuildFile; fileRef = CB4447DC18D4F2A500F3854B /* selectionsHighlighted@2x.png */; };
		CB4447E118D4F2A500F3854B /* selectionsUnhighlighted@2x.png in Resources */ = {isa = PBXBuildFile; fileRef = CB4447DD18D4F2A500F3854B /* selectionsUnhighlighted@2x.png */; };
		CB4447E618D4F9D000F3854B /* SDRFilterTableViewController.m in Sources */ = {isa = PBXBuildFile; fileRef = CB4447E518D4F9D000F3854B /* SDRFilterTableViewController.m */; };
		CB60A92919303BED00E59602 /* MediaPlayer.framework in Frameworks */ = {isa = PBXBuildFile; fileRef = CB60A92819303BED00E59602 /* MediaPlayer.framework */; };
		CB60A92B19303BF700E59602 /* MobileCoreServices.framework in Frameworks */ = {isa = PBXBuildFile; fileRef = CB60A92A19303BF700E59602 /* MobileCoreServices.framework */; };
		CB60A92D19303C0000E59602 /* QuartzCore.framework in Frameworks */ = {isa = PBXBuildFile; fileRef = CB60A92C19303C0000E59602 /* QuartzCore.framework */; };
		CB7C04D9189D92C1009CAD15 /* SDRVendorsListViewController.m in Sources */ = {isa = PBXBuildFile; fileRef = CB7C04D8189D92C1009CAD15 /* SDRVendorsListViewController.m */; };
		CB7C04DE189D9AEE009CAD15 /* SDRVendorsTableCell.m in Sources */ = {isa = PBXBuildFile; fileRef = CB7C04DD189D9AEE009CAD15 /* SDRVendorsTableCell.m */; };
		CB7C04E2189DA02F009CAD15 /* littleowl@2x.jpg in Resources */ = {isa = PBXBuildFile; fileRef = CB7C04E1189DA02F009CAD15 /* littleowl@2x.jpg */; };
		CB7C04E6189EC6FD009CAD15 /* SDRVendorChannel.m in Sources */ = {isa = PBXBuildFile; fileRef = CB7C04E5189EC6FD009CAD15 /* SDRVendorChannel.m */; };
		CB7C04EB189EC865009CAD15 /* SDRVendor.m in Sources */ = {isa = PBXBuildFile; fileRef = CB7C04EA189EC865009CAD15 /* SDRVendor.m */; };
		CB7C04EE189ED32F009CAD15 /* SDRVendorStore.m in Sources */ = {isa = PBXBuildFile; fileRef = CB7C04ED189ED32F009CAD15 /* SDRVendorStore.m */; };
		CB7C04F6189ED5C0009CAD15 /* SDRConnection.m in Sources */ = {isa = PBXBuildFile; fileRef = CB7C04F5189ED5C0009CAD15 /* SDRConnection.m */; };
		CB7C04F9189F0C39009CAD15 /* SDRVendorViewController.m in Sources */ = {isa = PBXBuildFile; fileRef = CB7C04F8189F0C39009CAD15 /* SDRVendorViewController.m */; };
		CB7C04FF18A08F72009CAD15 /* SDRUser.m in Sources */ = {isa = PBXBuildFile; fileRef = CB7C04FE18A08F72009CAD15 /* SDRUser.m */; };
		CB7C050218A091E6009CAD15 /* SDRAuthStore.m in Sources */ = {isa = PBXBuildFile; fileRef = CB7C050118A091E6009CAD15 /* SDRAuthStore.m */; };
		CB7C166B19735D5A00AEABB4 /* SDRAlertComponent.m in Sources */ = {isa = PBXBuildFile; fileRef = CB7C166A19735D5A00AEABB4 /* SDRAlertComponent.m */; };
		CB8B6D5618A6B1E100E63566 /* SDRLeveredgeButton.m in Sources */ = {isa = PBXBuildFile; fileRef = CB8B6D5518A6B1E100E63566 /* SDRLeveredgeButton.m */; };
		CB8B6D5918A6B6FE00E63566 /* SDRCommentsView.m in Sources */ = {isa = PBXBuildFile; fileRef = CB8B6D5818A6B6FE00E63566 /* SDRCommentsView.m */; };
		CB8B6D5C18A6C94A00E63566 /* SDRCommentViewCell.m in Sources */ = {isa = PBXBuildFile; fileRef = CB8B6D5B18A6C94A00E63566 /* SDRCommentViewCell.m */; };
		CB961AE01931E266009CF03A /* AWSS3.framework in Frameworks */ = {isa = PBXBuildFile; fileRef = CB961ADF1931E266009CF03A /* AWSS3.framework */; };
		CB961AE21931E273009CF03A /* AWSRuntime.framework in Frameworks */ = {isa = PBXBuildFile; fileRef = CB961AE11931E273009CF03A /* AWSRuntime.framework */; };
		CB9F4758197627BE006CFE55 /* mapHighlighted@2x.png in Resources */ = {isa = PBXBuildFile; fileRef = CB9F4757197627BE006CFE55 /* mapHighlighted@2x.png */; };
		CB9F475A197627C5006CFE55 /* mapUnhighlighted@2x.png in Resources */ = {isa = PBXBuildFile; fileRef = CB9F4759197627C5006CFE55 /* mapUnhighlighted@2x.png */; };
		CB9F475E197628B8006CFE55 /* SDRMapSearchViewController.m in Sources */ = {isa = PBXBuildFile; fileRef = CB9F475D197628B8006CFE55 /* SDRMapSearchViewController.m */; };
		CB9F47621978DFF8006CFE55 /* SDRMapAnnotation.m in Sources */ = {isa = PBXBuildFile; fileRef = CB9F47611978DFF8006CFE55 /* SDRMapAnnotation.m */; };
		CBA355B219737301005E6B29 /* alertIcon@2x.png in Resources */ = {isa = PBXBuildFile; fileRef = CBA355B119737301005E6B29 /* alertIcon@2x.png */; };
		CBD2875E1925B09400AA22C5 /* videoHighlighted@2x.png in Resources */ = {isa = PBXBuildFile; fileRef = CBD2875C1925B09400AA22C5 /* videoHighlighted@2x.png */; };
		CBD2875F1925B09400AA22C5 /* videoUnhighlighted@2x.png in Resources */ = {isa = PBXBuildFile; fileRef = CBD2875D1925B09400AA22C5 /* videoUnhighlighted@2x.png */; };
		CBD287621925B24F00AA22C5 /* SDRHotelsListViewController.m in Sources */ = {isa = PBXBuildFile; fileRef = CBD287611925B24F00AA22C5 /* SDRHotelsListViewController.m */; };
		CBD28769192D98A500AA22C5 /* SDRHotelsTableViewCell.m in Sources */ = {isa = PBXBuildFile; fileRef = CBD28768192D98A500AA22C5 /* SDRHotelsTableViewCell.m */; };
		CBD2876C192D9D7500AA22C5 /* SDRHotel.m in Sources */ = {isa = PBXBuildFile; fileRef = CBD2876B192D9D7500AA22C5 /* SDRHotel.m */; };
		CBD2876E192D9EE100AA22C5 /* AVFoundation.framework in Frameworks */ = {isa = PBXBuildFile; fileRef = CBD2876D192D9EE100AA22C5 /* AVFoundation.framework */; };
		CBD28770192D9F9100AA22C5 /* AssetsLibrary.framework in Frameworks */ = {isa = PBXBuildFile; fileRef = CBD2876F192D9F9100AA22C5 /* AssetsLibrary.framework */; };
		CBD28772192D9F9D00AA22C5 /* CoreMedia.framework in Frameworks */ = {isa = PBXBuildFile; fileRef = CBD28771192D9F9D00AA22C5 /* CoreMedia.framework */; };
		CBD28775192DA71500AA22C5 /* SDRHotelStore.m in Sources */ = {isa = PBXBuildFile; fileRef = CBD28774192DA71500AA22C5 /* SDRHotelStore.m */; };
		CBD28778192DAA6C00AA22C5 /* SDRHotelChannel.m in Sources */ = {isa = PBXBuildFile; fileRef = CBD28777192DAA6C00AA22C5 /* SDRHotelChannel.m */; };
		CBDAE0001971EFFA007CA10F /* SDRSlideMenu.m in Sources */ = {isa = PBXBuildFile; fileRef = CBDADFFF1971EFFA007CA10F /* SDRSlideMenu.m */; };
		CBE3D4E6189594B600BB0671 /* Foundation.framework in Frameworks */ = {isa = PBXBuildFile; fileRef = CBE3D4E5189594B600BB0671 /* Foundation.framework */; };
		CBE3D4E8189594B600BB0671 /* CoreGraphics.framework in Frameworks */ = {isa = PBXBuildFile; fileRef = CBE3D4E7189594B600BB0671 /* CoreGraphics.framework */; };
		CBE3D4EA189594B600BB0671 /* UIKit.framework in Frameworks */ = {isa = PBXBuildFile; fileRef = CBE3D4E9189594B600BB0671 /* UIKit.framework */; };
		CBE3D4F0189594B600BB0671 /* InfoPlist.strings in Resources */ = {isa = PBXBuildFile; fileRef = CBE3D4EE189594B600BB0671 /* InfoPlist.strings */; };
		CBE3D4F2189594B600BB0671 /* main.m in Sources */ = {isa = PBXBuildFile; fileRef = CBE3D4F1189594B600BB0671 /* main.m */; };
		CBE3D4F6189594B600BB0671 /* SDRAppDelegate.m in Sources */ = {isa = PBXBuildFile; fileRef = CBE3D4F5189594B600BB0671 /* SDRAppDelegate.m */; };
		CBE3D4F8189594B600BB0671 /* Images.xcassets in Resources */ = {isa = PBXBuildFile; fileRef = CBE3D4F7189594B600BB0671 /* Images.xcassets */; };
		CBE3D4FF189594B600BB0671 /* XCTest.framework in Frameworks */ = {isa = PBXBuildFile; fileRef = CBE3D4FE189594B600BB0671 /* XCTest.framework */; };
		CBE3D500189594B600BB0671 /* Foundation.framework in Frameworks */ = {isa = PBXBuildFile; fileRef = CBE3D4E5189594B600BB0671 /* Foundation.framework */; };
		CBE3D501189594B600BB0671 /* UIKit.framework in Frameworks */ = {isa = PBXBuildFile; fileRef = CBE3D4E9189594B600BB0671 /* UIKit.framework */; };
		CBE3D509189594B600BB0671 /* InfoPlist.strings in Resources */ = {isa = PBXBuildFile; fileRef = CBE3D507189594B600BB0671 /* InfoPlist.strings */; };
		CBE3D50B189594B600BB0671 /* LeveredgeTests.m in Sources */ = {isa = PBXBuildFile; fileRef = CBE3D50A189594B600BB0671 /* LeveredgeTests.m */; };
		CBE3D5171895961300BB0671 /* SDRLoginViewController.m in Sources */ = {isa = PBXBuildFile; fileRef = CBE3D5161895961300BB0671 /* SDRLoginViewController.m */; };
		CBF5E1C918A2E6B30051A49F /* SDRCarousel.m in Sources */ = {isa = PBXBuildFile; fileRef = CBF5E1C818A2E6B30051A49F /* SDRCarousel.m */; };
/* End PBXBuildFile section */

/* Begin PBXContainerItemProxy section */
		CBE3D502189594B600BB0671 /* PBXContainerItemProxy */ = {
			isa = PBXContainerItemProxy;
			containerPortal = CBE3D4DA189594B600BB0671 /* Project object */;
			proxyType = 1;
			remoteGlobalIDString = CBE3D4E1189594B600BB0671;
			remoteInfo = Leveredge;
		};
/* End PBXContainerItemProxy section */

/* Begin PBXFileReference section */
		C64A35BB9BE04865B12E6230 /* libPods.a */ = {isa = PBXFileReference; explicitFileType = archive.ar; includeInIndex = 0; path = libPods.a; sourceTree = BUILT_PRODUCTS_DIR; };
		CB1102DB1937704A0047684C /* SDRHotelViewController.h */ = {isa = PBXFileReference; fileEncoding = 4; lastKnownFileType = sourcecode.c.h; path = SDRHotelViewController.h; sourceTree = "<group>"; };
		CB1102DC1937704A0047684C /* SDRHotelViewController.m */ = {isa = PBXFileReference; fileEncoding = 4; lastKnownFileType = sourcecode.c.objc; path = SDRHotelViewController.m; sourceTree = "<group>"; };
		CB2F740B195F9FD10072570F /* SystemConfiguration.framework */ = {isa = PBXFileReference; lastKnownFileType = wrapper.framework; name = SystemConfiguration.framework; path = System/Library/Frameworks/SystemConfiguration.framework; sourceTree = SDKROOT; };
		CB4447CA18D4082800F3854B /* leveredgeLogo@2x.png */ = {isa = PBXFileReference; lastKnownFileType = image.png; path = "leveredgeLogo@2x.png"; sourceTree = "<group>"; };
		CB4447CC18D4116000F3854B /* leveredgeLogoHero@2x.png */ = {isa = PBXFileReference; lastKnownFileType = image.png; path = "leveredgeLogoHero@2x.png"; sourceTree = "<group>"; };
		CB4447CE18D4165900F3854B /* filterIcon@2x.png */ = {isa = PBXFileReference; lastKnownFileType = image.png; path = "filterIcon@2x.png"; sourceTree = "<group>"; };
		CB4447D018D4176300F3854B /* filterIconSmall@2x.png */ = {isa = PBXFileReference; lastKnownFileType = image.png; path = "filterIconSmall@2x.png"; sourceTree = "<group>"; };
		CB4447D218D4AE4D00F3854B /* SDRSelectionsViewController.h */ = {isa = PBXFileReference; fileEncoding = 4; lastKnownFileType = sourcecode.c.h; path = SDRSelectionsViewController.h; sourceTree = "<group>"; };
		CB4447D318D4AE4D00F3854B /* SDRSelectionsViewController.m */ = {isa = PBXFileReference; fileEncoding = 4; lastKnownFileType = sourcecode.c.objc; path = SDRSelectionsViewController.m; sourceTree = "<group>"; };
		CB4447DA18D4F2A500F3854B /* knifeAndForkHighlighted@2x.png */ = {isa = PBXFileReference; lastKnownFileType = image.png; path = "knifeAndForkHighlighted@2x.png"; sourceTree = "<group>"; };
		CB4447DB18D4F2A500F3854B /* knifeAndForkUnhighlighted@2x.png */ = {isa = PBXFileReference; lastKnownFileType = image.png; path = "knifeAndForkUnhighlighted@2x.png"; sourceTree = "<group>"; };
		CB4447DC18D4F2A500F3854B /* selectionsHighlighted@2x.png */ = {isa = PBXFileReference; lastKnownFileType = image.png; path = "selectionsHighlighted@2x.png"; sourceTree = "<group>"; };
		CB4447DD18D4F2A500F3854B /* selectionsUnhighlighted@2x.png */ = {isa = PBXFileReference; lastKnownFileType = image.png; path = "selectionsUnhighlighted@2x.png"; sourceTree = "<group>"; };
		CB4447E418D4F9D000F3854B /* SDRFilterTableViewController.h */ = {isa = PBXFileReference; fileEncoding = 4; lastKnownFileType = sourcecode.c.h; path = SDRFilterTableViewController.h; sourceTree = "<group>"; };
		CB4447E518D4F9D000F3854B /* SDRFilterTableViewController.m */ = {isa = PBXFileReference; fileEncoding = 4; lastKnownFileType = sourcecode.c.objc; path = SDRFilterTableViewController.m; sourceTree = "<group>"; };
		CB60A92819303BED00E59602 /* MediaPlayer.framework */ = {isa = PBXFileReference; lastKnownFileType = wrapper.framework; name = MediaPlayer.framework; path = System/Library/Frameworks/MediaPlayer.framework; sourceTree = SDKROOT; };
		CB60A92A19303BF700E59602 /* MobileCoreServices.framework */ = {isa = PBXFileReference; lastKnownFileType = wrapper.framework; name = MobileCoreServices.framework; path = System/Library/Frameworks/MobileCoreServices.framework; sourceTree = SDKROOT; };
		CB60A92C19303C0000E59602 /* QuartzCore.framework */ = {isa = PBXFileReference; lastKnownFileType = wrapper.framework; name = QuartzCore.framework; path = System/Library/Frameworks/QuartzCore.framework; sourceTree = SDKROOT; };
		CB7C04D7189D92C1009CAD15 /* SDRVendorsListViewController.h */ = {isa = PBXFileReference; fileEncoding = 4; lastKnownFileType = sourcecode.c.h; path = SDRVendorsListViewController.h; sourceTree = "<group>"; };
		CB7C04D8189D92C1009CAD15 /* SDRVendorsListViewController.m */ = {isa = PBXFileReference; fileEncoding = 4; lastKnownFileType = sourcecode.c.objc; path = SDRVendorsListViewController.m; sourceTree = "<group>"; };
		CB7C04DC189D9AEE009CAD15 /* SDRVendorsTableCell.h */ = {isa = PBXFileReference; fileEncoding = 4; lastKnownFileType = sourcecode.c.h; path = SDRVendorsTableCell.h; sourceTree = "<group>"; };
		CB7C04DD189D9AEE009CAD15 /* SDRVendorsTableCell.m */ = {isa = PBXFileReference; fileEncoding = 4; lastKnownFileType = sourcecode.c.objc; path = SDRVendorsTableCell.m; sourceTree = "<group>"; };
		CB7C04E1189DA02F009CAD15 /* littleowl@2x.jpg */ = {isa = PBXFileReference; lastKnownFileType = image.jpeg; path = "littleowl@2x.jpg"; sourceTree = "<group>"; };
		CB7C04E4189EC6FD009CAD15 /* SDRVendorChannel.h */ = {isa = PBXFileReference; fileEncoding = 4; lastKnownFileType = sourcecode.c.h; path = SDRVendorChannel.h; sourceTree = "<group>"; };
		CB7C04E5189EC6FD009CAD15 /* SDRVendorChannel.m */ = {isa = PBXFileReference; fileEncoding = 4; lastKnownFileType = sourcecode.c.objc; path = SDRVendorChannel.m; sourceTree = "<group>"; };
		CB7C04E8189EC7D5009CAD15 /* JSONSerializable.h */ = {isa = PBXFileReference; lastKnownFileType = sourcecode.c.h; path = JSONSerializable.h; sourceTree = "<group>"; };
		CB7C04E9189EC865009CAD15 /* SDRVendor.h */ = {isa = PBXFileReference; fileEncoding = 4; lastKnownFileType = sourcecode.c.h; path = SDRVendor.h; sourceTree = "<group>"; };
		CB7C04EA189EC865009CAD15 /* SDRVendor.m */ = {isa = PBXFileReference; fileEncoding = 4; lastKnownFileType = sourcecode.c.objc; path = SDRVendor.m; sourceTree = "<group>"; };
		CB7C04EC189ED32F009CAD15 /* SDRVendorStore.h */ = {isa = PBXFileReference; fileEncoding = 4; lastKnownFileType = sourcecode.c.h; path = SDRVendorStore.h; sourceTree = "<group>"; };
		CB7C04ED189ED32F009CAD15 /* SDRVendorStore.m */ = {isa = PBXFileReference; fileEncoding = 4; lastKnownFileType = sourcecode.c.objc; path = SDRVendorStore.m; sourceTree = "<group>"; };
		CB7C04EF189ED4F1009CAD15 /* SDRAppConstants.h */ = {isa = PBXFileReference; lastKnownFileType = sourcecode.c.h; path = SDRAppConstants.h; sourceTree = "<group>"; };
		CB7C04F4189ED5C0009CAD15 /* SDRConnection.h */ = {isa = PBXFileReference; fileEncoding = 4; lastKnownFileType = sourcecode.c.h; path = SDRConnection.h; sourceTree = "<group>"; };
		CB7C04F5189ED5C0009CAD15 /* SDRConnection.m */ = {isa = PBXFileReference; fileEncoding = 4; lastKnownFileType = sourcecode.c.objc; path = SDRConnection.m; sourceTree = "<group>"; };
		CB7C04F7189F0C39009CAD15 /* SDRVendorViewController.h */ = {isa = PBXFileReference; fileEncoding = 4; lastKnownFileType = sourcecode.c.h; path = SDRVendorViewController.h; sourceTree = "<group>"; };
		CB7C04F8189F0C39009CAD15 /* SDRVendorViewController.m */ = {isa = PBXFileReference; fileEncoding = 4; lastKnownFileType = sourcecode.c.objc; path = SDRVendorViewController.m; sourceTree = "<group>"; };
		CB7C04FD18A08F72009CAD15 /* SDRUser.h */ = {isa = PBXFileReference; fileEncoding = 4; lastKnownFileType = sourcecode.c.h; path = SDRUser.h; sourceTree = "<group>"; };
		CB7C04FE18A08F72009CAD15 /* SDRUser.m */ = {isa = PBXFileReference; fileEncoding = 4; lastKnownFileType = sourcecode.c.objc; path = SDRUser.m; sourceTree = "<group>"; };
		CB7C050018A091E6009CAD15 /* SDRAuthStore.h */ = {isa = PBXFileReference; fileEncoding = 4; lastKnownFileType = sourcecode.c.h; path = SDRAuthStore.h; sourceTree = "<group>"; };
		CB7C050118A091E6009CAD15 /* SDRAuthStore.m */ = {isa = PBXFileReference; fileEncoding = 4; lastKnownFileType = sourcecode.c.objc; path = SDRAuthStore.m; sourceTree = "<group>"; };
		CB7C166919735D5A00AEABB4 /* SDRAlertComponent.h */ = {isa = PBXFileReference; fileEncoding = 4; lastKnownFileType = sourcecode.c.h; path = SDRAlertComponent.h; sourceTree = "<group>"; };
		CB7C166A19735D5A00AEABB4 /* SDRAlertComponent.m */ = {isa = PBXFileReference; fileEncoding = 4; lastKnownFileType = sourcecode.c.objc; path = SDRAlertComponent.m; sourceTree = "<group>"; };
		CB8B6D5418A6B1E100E63566 /* SDRLeveredgeButton.h */ = {isa = PBXFileReference; fileEncoding = 4; lastKnownFileType = sourcecode.c.h; path = SDRLeveredgeButton.h; sourceTree = "<group>"; };
		CB8B6D5518A6B1E100E63566 /* SDRLeveredgeButton.m */ = {isa = PBXFileReference; fileEncoding = 4; lastKnownFileType = sourcecode.c.objc; path = SDRLeveredgeButton.m; sourceTree = "<group>"; };
		CB8B6D5718A6B6FE00E63566 /* SDRCommentsView.h */ = {isa = PBXFileReference; fileEncoding = 4; lastKnownFileType = sourcecode.c.h; path = SDRCommentsView.h; sourceTree = "<group>"; };
		CB8B6D5818A6B6FE00E63566 /* SDRCommentsView.m */ = {isa = PBXFileReference; fileEncoding = 4; lastKnownFileType = sourcecode.c.objc; path = SDRCommentsView.m; sourceTree = "<group>"; };
		CB8B6D5A18A6C94A00E63566 /* SDRCommentViewCell.h */ = {isa = PBXFileReference; fileEncoding = 4; lastKnownFileType = sourcecode.c.h; path = SDRCommentViewCell.h; sourceTree = "<group>"; };
		CB8B6D5B18A6C94A00E63566 /* SDRCommentViewCell.m */ = {isa = PBXFileReference; fileEncoding = 4; lastKnownFileType = sourcecode.c.objc; path = SDRCommentViewCell.m; sourceTree = "<group>"; };
		CB8B6D5D18A7347100E63566 /* SDRDynamicRowHeightTableViewCell.h */ = {isa = PBXFileReference; lastKnownFileType = sourcecode.c.h; path = SDRDynamicRowHeightTableViewCell.h; sourceTree = "<group>"; };
		CB961ADF1931E266009CF03A /* AWSS3.framework */ = {isa = PBXFileReference; lastKnownFileType = wrapper.framework; name = AWSS3.framework; path = "../../../Downloads/Amazon/aws-ios-sdk-1.7.1/AWSS3.framework"; sourceTree = "<group>"; };
		CB961AE11931E273009CF03A /* AWSRuntime.framework */ = {isa = PBXFileReference; lastKnownFileType = wrapper.framework; name = AWSRuntime.framework; path = "../../../Downloads/Amazon/aws-ios-sdk-1.7.1/AWSRuntime.framework"; sourceTree = "<group>"; };
		CB9F4757197627BE006CFE55 /* mapHighlighted@2x.png */ = {isa = PBXFileReference; lastKnownFileType = image.png; path = "mapHighlighted@2x.png"; sourceTree = "<group>"; };
		CB9F4759197627C5006CFE55 /* mapUnhighlighted@2x.png */ = {isa = PBXFileReference; lastKnownFileType = image.png; path = "mapUnhighlighted@2x.png"; sourceTree = "<group>"; };
		CB9F475C197628B8006CFE55 /* SDRMapSearchViewController.h */ = {isa = PBXFileReference; fileEncoding = 4; lastKnownFileType = sourcecode.c.h; path = SDRMapSearchViewController.h; sourceTree = "<group>"; };
		CB9F475D197628B8006CFE55 /* SDRMapSearchViewController.m */ = {isa = PBXFileReference; fileEncoding = 4; lastKnownFileType = sourcecode.c.objc; path = SDRMapSearchViewController.m; sourceTree = "<group>"; };
		CB9F47601978DFF8006CFE55 /* SDRMapAnnotation.h */ = {isa = PBXFileReference; fileEncoding = 4; lastKnownFileType = sourcecode.c.h; path = SDRMapAnnotation.h; sourceTree = "<group>"; };
		CB9F47611978DFF8006CFE55 /* SDRMapAnnotation.m */ = {isa = PBXFileReference; fileEncoding = 4; lastKnownFileType = sourcecode.c.objc; path = SDRMapAnnotation.m; sourceTree = "<group>"; };
		CBA355B119737301005E6B29 /* alertIcon@2x.png */ = {isa = PBXFileReference; lastKnownFileType = image.png; path = "alertIcon@2x.png"; sourceTree = "<group>"; };
		CBD2875C1925B09400AA22C5 /* videoHighlighted@2x.png */ = {isa = PBXFileReference; lastKnownFileType = image.png; path = "videoHighlighted@2x.png"; sourceTree = "<group>"; };
		CBD2875D1925B09400AA22C5 /* videoUnhighlighted@2x.png */ = {isa = PBXFileReference; lastKnownFileType = image.png; path = "videoUnhighlighted@2x.png"; sourceTree = "<group>"; };
		CBD287601925B24F00AA22C5 /* SDRHotelsListViewController.h */ = {isa = PBXFileReference; fileEncoding = 4; lastKnownFileType = sourcecode.c.h; path = SDRHotelsListViewController.h; sourceTree = "<group>"; };
		CBD287611925B24F00AA22C5 /* SDRHotelsListViewController.m */ = {isa = PBXFileReference; fileEncoding = 4; lastKnownFileType = sourcecode.c.objc; path = SDRHotelsListViewController.m; sourceTree = "<group>"; };
		CBD28767192D98A500AA22C5 /* SDRHotelsTableViewCell.h */ = {isa = PBXFileReference; fileEncoding = 4; lastKnownFileType = sourcecode.c.h; path = SDRHotelsTableViewCell.h; sourceTree = "<group>"; };
		CBD28768192D98A500AA22C5 /* SDRHotelsTableViewCell.m */ = {isa = PBXFileReference; fileEncoding = 4; lastKnownFileType = sourcecode.c.objc; path = SDRHotelsTableViewCell.m; sourceTree = "<group>"; };
		CBD2876A192D9D7500AA22C5 /* SDRHotel.h */ = {isa = PBXFileReference; fileEncoding = 4; lastKnownFileType = sourcecode.c.h; path = SDRHotel.h; sourceTree = "<group>"; };
		CBD2876B192D9D7500AA22C5 /* SDRHotel.m */ = {isa = PBXFileReference; fileEncoding = 4; lastKnownFileType = sourcecode.c.objc; path = SDRHotel.m; sourceTree = "<group>"; };
		CBD2876D192D9EE100AA22C5 /* AVFoundation.framework */ = {isa = PBXFileReference; lastKnownFileType = wrapper.framework; name = AVFoundation.framework; path = System/Library/Frameworks/AVFoundation.framework; sourceTree = SDKROOT; };
		CBD2876F192D9F9100AA22C5 /* AssetsLibrary.framework */ = {isa = PBXFileReference; lastKnownFileType = wrapper.framework; name = AssetsLibrary.framework; path = System/Library/Frameworks/AssetsLibrary.framework; sourceTree = SDKROOT; };
		CBD28771192D9F9D00AA22C5 /* CoreMedia.framework */ = {isa = PBXFileReference; lastKnownFileType = wrapper.framework; name = CoreMedia.framework; path = System/Library/Frameworks/CoreMedia.framework; sourceTree = SDKROOT; };
		CBD28773192DA71500AA22C5 /* SDRHotelStore.h */ = {isa = PBXFileReference; fileEncoding = 4; lastKnownFileType = sourcecode.c.h; path = SDRHotelStore.h; sourceTree = "<group>"; };
		CBD28774192DA71500AA22C5 /* SDRHotelStore.m */ = {isa = PBXFileReference; fileEncoding = 4; lastKnownFileType = sourcecode.c.objc; path = SDRHotelStore.m; sourceTree = "<group>"; };
		CBD28776192DAA6C00AA22C5 /* SDRHotelChannel.h */ = {isa = PBXFileReference; fileEncoding = 4; lastKnownFileType = sourcecode.c.h; path = SDRHotelChannel.h; sourceTree = "<group>"; };
		CBD28777192DAA6C00AA22C5 /* SDRHotelChannel.m */ = {isa = PBXFileReference; fileEncoding = 4; lastKnownFileType = sourcecode.c.objc; path = SDRHotelChannel.m; sourceTree = "<group>"; };
		CBDADFFE1971EFFA007CA10F /* SDRSlideMenu.h */ = {isa = PBXFileReference; fileEncoding = 4; lastKnownFileType = sourcecode.c.h; path = SDRSlideMenu.h; sourceTree = "<group>"; };
		CBDADFFF1971EFFA007CA10F /* SDRSlideMenu.m */ = {isa = PBXFileReference; fileEncoding = 4; lastKnownFileType = sourcecode.c.objc; path = SDRSlideMenu.m; sourceTree = "<group>"; };
		CBE3D4E2189594B600BB0671 /* Leveredge.app */ = {isa = PBXFileReference; explicitFileType = wrapper.application; includeInIndex = 0; path = Leveredge.app; sourceTree = BUILT_PRODUCTS_DIR; };
		CBE3D4E5189594B600BB0671 /* Foundation.framework */ = {isa = PBXFileReference; lastKnownFileType = wrapper.framework; name = Foundation.framework; path = System/Library/Frameworks/Foundation.framework; sourceTree = SDKROOT; };
		CBE3D4E7189594B600BB0671 /* CoreGraphics.framework */ = {isa = PBXFileReference; lastKnownFileType = wrapper.framework; name = CoreGraphics.framework; path = System/Library/Frameworks/CoreGraphics.framework; sourceTree = SDKROOT; };
		CBE3D4E9189594B600BB0671 /* UIKit.framework */ = {isa = PBXFileReference; lastKnownFileType = wrapper.framework; name = UIKit.framework; path = System/Library/Frameworks/UIKit.framework; sourceTree = SDKROOT; };
		CBE3D4ED189594B600BB0671 /* Leveredge-Info.plist */ = {isa = PBXFileReference; lastKnownFileType = text.plist.xml; path = "Leveredge-Info.plist"; sourceTree = "<group>"; };
		CBE3D4EF189594B600BB0671 /* en */ = {isa = PBXFileReference; lastKnownFileType = text.plist.strings; name = en; path = en.lproj/InfoPlist.strings; sourceTree = "<group>"; };
		CBE3D4F1189594B600BB0671 /* main.m */ = {isa = PBXFileReference; lastKnownFileType = sourcecode.c.objc; path = main.m; sourceTree = "<group>"; };
		CBE3D4F3189594B600BB0671 /* Leveredge-Prefix.pch */ = {isa = PBXFileReference; lastKnownFileType = sourcecode.c.h; path = "Leveredge-Prefix.pch"; sourceTree = "<group>"; };
		CBE3D4F4189594B600BB0671 /* SDRAppDelegate.h */ = {isa = PBXFileReference; lastKnownFileType = sourcecode.c.h; path = SDRAppDelegate.h; sourceTree = "<group>"; };
		CBE3D4F5189594B600BB0671 /* SDRAppDelegate.m */ = {isa = PBXFileReference; lastKnownFileType = sourcecode.c.objc; path = SDRAppDelegate.m; sourceTree = "<group>"; };
		CBE3D4F7189594B600BB0671 /* Images.xcassets */ = {isa = PBXFileReference; lastKnownFileType = folder.assetcatalog; path = Images.xcassets; sourceTree = "<group>"; };
		CBE3D4FD189594B600BB0671 /* LeveredgeTests.xctest */ = {isa = PBXFileReference; explicitFileType = wrapper.cfbundle; includeInIndex = 0; path = LeveredgeTests.xctest; sourceTree = BUILT_PRODUCTS_DIR; };
		CBE3D4FE189594B600BB0671 /* XCTest.framework */ = {isa = PBXFileReference; lastKnownFileType = wrapper.framework; name = XCTest.framework; path = Library/Frameworks/XCTest.framework; sourceTree = DEVELOPER_DIR; };
		CBE3D506189594B600BB0671 /* LeveredgeTests-Info.plist */ = {isa = PBXFileReference; lastKnownFileType = text.plist.xml; path = "LeveredgeTests-Info.plist"; sourceTree = "<group>"; };
		CBE3D508189594B600BB0671 /* en */ = {isa = PBXFileReference; lastKnownFileType = text.plist.strings; name = en; path = en.lproj/InfoPlist.strings; sourceTree = "<group>"; };
		CBE3D50A189594B600BB0671 /* LeveredgeTests.m */ = {isa = PBXFileReference; lastKnownFileType = sourcecode.c.objc; path = LeveredgeTests.m; sourceTree = "<group>"; };
		CBE3D5151895961300BB0671 /* SDRLoginViewController.h */ = {isa = PBXFileReference; fileEncoding = 4; lastKnownFileType = sourcecode.c.h; path = SDRLoginViewController.h; sourceTree = "<group>"; };
		CBE3D5161895961300BB0671 /* SDRLoginViewController.m */ = {isa = PBXFileReference; fileEncoding = 4; lastKnownFileType = sourcecode.c.objc; path = SDRLoginViewController.m; sourceTree = "<group>"; };
		CBE3D5191895A4D100BB0671 /* SDRViewConstants.h */ = {isa = PBXFileReference; lastKnownFileType = sourcecode.c.h; path = SDRViewConstants.h; sourceTree = "<group>"; };
		CBF5E1C718A2E6B30051A49F /* SDRCarousel.h */ = {isa = PBXFileReference; fileEncoding = 4; lastKnownFileType = sourcecode.c.h; path = SDRCarousel.h; sourceTree = "<group>"; };
		CBF5E1C818A2E6B30051A49F /* SDRCarousel.m */ = {isa = PBXFileReference; fileEncoding = 4; lastKnownFileType = sourcecode.c.objc; path = SDRCarousel.m; sourceTree = "<group>"; };
		E396222AA1DE4DB5A1D7F428 /* Pods.xcconfig */ = {isa = PBXFileReference; includeInIndex = 1; lastKnownFileType = text.xcconfig; name = Pods.xcconfig; path = Pods/Pods.xcconfig; sourceTree = "<group>"; };
/* End PBXFileReference section */

/* Begin PBXFrameworksBuildPhase section */
		CBE3D4DF189594B600BB0671 /* Frameworks */ = {
			isa = PBXFrameworksBuildPhase;
			buildActionMask = 2147483647;
			files = (
				CB2F740C195F9FD10072570F /* SystemConfiguration.framework in Frameworks */,
				CB961AE21931E273009CF03A /* AWSRuntime.framework in Frameworks */,
				CB961AE01931E266009CF03A /* AWSS3.framework in Frameworks */,
				CB60A92D19303C0000E59602 /* QuartzCore.framework in Frameworks */,
				CB60A92B19303BF700E59602 /* MobileCoreServices.framework in Frameworks */,
				CB60A92919303BED00E59602 /* MediaPlayer.framework in Frameworks */,
				CBD28772192D9F9D00AA22C5 /* CoreMedia.framework in Frameworks */,
				CBD28770192D9F9100AA22C5 /* AssetsLibrary.framework in Frameworks */,
				CBD2876E192D9EE100AA22C5 /* AVFoundation.framework in Frameworks */,
				CBE3D4E8189594B600BB0671 /* CoreGraphics.framework in Frameworks */,
				CBE3D4EA189594B600BB0671 /* UIKit.framework in Frameworks */,
				CBE3D4E6189594B600BB0671 /* Foundation.framework in Frameworks */,
				5F866AF8510C411297519C14 /* libPods.a in Frameworks */,
			);
			runOnlyForDeploymentPostprocessing = 0;
		};
		CBE3D4FA189594B600BB0671 /* Frameworks */ = {
			isa = PBXFrameworksBuildPhase;
			buildActionMask = 2147483647;
			files = (
				CBE3D4FF189594B600BB0671 /* XCTest.framework in Frameworks */,
				CBE3D501189594B600BB0671 /* UIKit.framework in Frameworks */,
				CBE3D500189594B600BB0671 /* Foundation.framework in Frameworks */,
			);
			runOnlyForDeploymentPostprocessing = 0;
		};
/* End PBXFrameworksBuildPhase section */

/* Begin PBXGroup section */
		CB4447D918D4F28900F3854B /* TabBar */ = {
			isa = PBXGroup;
			children = (
				CB9F4759197627C5006CFE55 /* mapUnhighlighted@2x.png */,
				CB9F4757197627BE006CFE55 /* mapHighlighted@2x.png */,
				CBD2875C1925B09400AA22C5 /* videoHighlighted@2x.png */,
				CBD2875D1925B09400AA22C5 /* videoUnhighlighted@2x.png */,
				CB4447DA18D4F2A500F3854B /* knifeAndForkHighlighted@2x.png */,
				CB4447DB18D4F2A500F3854B /* knifeAndForkUnhighlighted@2x.png */,
				CB4447DC18D4F2A500F3854B /* selectionsHighlighted@2x.png */,
				CB4447DD18D4F2A500F3854B /* selectionsUnhighlighted@2x.png */,
			);
			name = TabBar;
			sourceTree = "<group>";
		};
		CB4447E218D4F2AD00F3854B /* Icons */ = {
			isa = PBXGroup;
			children = (
				CB4447E318D4F2B600F3854B /* NavigationBar */,
				CB4447D918D4F28900F3854B /* TabBar */,
			);
			name = Icons;
			sourceTree = "<group>";
		};
		CB4447E318D4F2B600F3854B /* NavigationBar */ = {
			isa = PBXGroup;
			children = (
				CBA355B119737301005E6B29 /* alertIcon@2x.png */,
				CB4447CE18D4165900F3854B /* filterIcon@2x.png */,
				CB4447D018D4176300F3854B /* filterIconSmall@2x.png */,
			);
			name = NavigationBar;
			sourceTree = "<group>";
		};
		CB7C04DA189D92CA009CAD15 /* Presentation Layer */ = {
			isa = PBXGroup;
			children = (
				CB7C04DB189D9ACE009CAD15 /* Components */,
				CBE3D5141895957D00BB0671 /* ViewControllers */,
			);
			name = "Presentation Layer";
			sourceTree = "<group>";
		};
		CB7C04DB189D9ACE009CAD15 /* Components */ = {
			isa = PBXGroup;
			children = (
				CB9F475F1978DFE6006CFE55 /* MapSearch */,
				CBDADFFD1971EFCA007CA10F /* Selections */,
				CBD28766192D984500AA22C5 /* Hotels */,
				CB8B6D5318A6B1CA00E63566 /* Global */,
				CB7C04E3189DA10B009CAD15 /* Vendors */,
			);
			name = Components;
			sourceTree = "<group>";
		};
		CB7C04DF189DA014009CAD15 /* Assets */ = {
			isa = PBXGroup;
			children = (
				CB4447E218D4F2AD00F3854B /* Icons */,
				CB4447CC18D4116000F3854B /* leveredgeLogoHero@2x.png */,
				CB4447CA18D4082800F3854B /* leveredgeLogo@2x.png */,
				CB7C04E0189DA01C009CAD15 /* Vendors */,
			);
			name = Assets;
			sourceTree = "<group>";
		};
		CB7C04E0189DA01C009CAD15 /* Vendors */ = {
			isa = PBXGroup;
			children = (
				CB7C04E1189DA02F009CAD15 /* littleowl@2x.jpg */,
			);
			name = Vendors;
			sourceTree = "<group>";
		};
		CB7C04E3189DA10B009CAD15 /* Vendors */ = {
			isa = PBXGroup;
			children = (
				CB7C04DC189D9AEE009CAD15 /* SDRVendorsTableCell.h */,
				CB7C04DD189D9AEE009CAD15 /* SDRVendorsTableCell.m */,
				CB8B6D5718A6B6FE00E63566 /* SDRCommentsView.h */,
				CB8B6D5818A6B6FE00E63566 /* SDRCommentsView.m */,
				CB8B6D5A18A6C94A00E63566 /* SDRCommentViewCell.h */,
				CB8B6D5B18A6C94A00E63566 /* SDRCommentViewCell.m */,
			);
			name = Vendors;
			sourceTree = "<group>";
		};
		CB7C04E7189EC713009CAD15 /* Data Layer */ = {
			isa = PBXGroup;
			children = (
				CB7C04F3189ED599009CAD15 /* Protocols */,
				CB7C04F2189ED58F009CAD15 /* Networking */,
				CB7C04F1189ED589009CAD15 /* Stores */,
				CB7C04F0189ED583009CAD15 /* Models */,
			);
			name = "Data Layer";
			sourceTree = "<group>";
		};
		CB7C04F0189ED583009CAD15 /* Models */ = {
			isa = PBXGroup;
			children = (
				CBD2877C192DAC9D00AA22C5 /* Hotel */,
				CBD2877B192DAC9200AA22C5 /* User */,
				CBD2877A192DAC8700AA22C5 /* Vendor */,
			);
			name = Models;
			sourceTree = "<group>";
		};
		CB7C04F1189ED589009CAD15 /* Stores */ = {
			isa = PBXGroup;
			children = (
				CB7C04EC189ED32F009CAD15 /* SDRVendorStore.h */,
				CB7C04ED189ED32F009CAD15 /* SDRVendorStore.m */,
				CB7C050018A091E6009CAD15 /* SDRAuthStore.h */,
				CB7C050118A091E6009CAD15 /* SDRAuthStore.m */,
				CBD28773192DA71500AA22C5 /* SDRHotelStore.h */,
				CBD28774192DA71500AA22C5 /* SDRHotelStore.m */,
			);
			name = Stores;
			sourceTree = "<group>";
		};
		CB7C04F2189ED58F009CAD15 /* Networking */ = {
			isa = PBXGroup;
			children = (
				CB7C04F4189ED5C0009CAD15 /* SDRConnection.h */,
				CB7C04F5189ED5C0009CAD15 /* SDRConnection.m */,
			);
			name = Networking;
			sourceTree = "<group>";
		};
		CB7C04F3189ED599009CAD15 /* Protocols */ = {
			isa = PBXGroup;
			children = (
				CB7C04E8189EC7D5009CAD15 /* JSONSerializable.h */,
				CB8B6D5D18A7347100E63566 /* SDRDynamicRowHeightTableViewCell.h */,
			);
			name = Protocols;
			sourceTree = "<group>";
		};
		CB8B6D5318A6B1CA00E63566 /* Global */ = {
			isa = PBXGroup;
			children = (
				CB8B6D5418A6B1E100E63566 /* SDRLeveredgeButton.h */,
				CB8B6D5518A6B1E100E63566 /* SDRLeveredgeButton.m */,
			);
			name = Global;
			sourceTree = "<group>";
		};
		CB9F475B1976289F006CFE55 /* MapSearch */ = {
			isa = PBXGroup;
			children = (
				CB9F475C197628B8006CFE55 /* SDRMapSearchViewController.h */,
				CB9F475D197628B8006CFE55 /* SDRMapSearchViewController.m */,
			);
			name = MapSearch;
			sourceTree = "<group>";
		};
		CB9F475F1978DFE6006CFE55 /* MapSearch */ = {
			isa = PBXGroup;
			children = (
				CB9F47601978DFF8006CFE55 /* SDRMapAnnotation.h */,
				CB9F47611978DFF8006CFE55 /* SDRMapAnnotation.m */,
			);
			name = MapSearch;
			sourceTree = "<group>";
		};
		CBD28766192D984500AA22C5 /* Hotels */ = {
			isa = PBXGroup;
			children = (
				CBD28767192D98A500AA22C5 /* SDRHotelsTableViewCell.h */,
				CBD28768192D98A500AA22C5 /* SDRHotelsTableViewCell.m */,
			);
			name = Hotels;
			sourceTree = "<group>";
		};
		CBD2877A192DAC8700AA22C5 /* Vendor */ = {
			isa = PBXGroup;
			children = (
				CB7C04E4189EC6FD009CAD15 /* SDRVendorChannel.h */,
				CB7C04E5189EC6FD009CAD15 /* SDRVendorChannel.m */,
				CB7C04E9189EC865009CAD15 /* SDRVendor.h */,
				CB7C04EA189EC865009CAD15 /* SDRVendor.m */,
			);
			name = Vendor;
			sourceTree = "<group>";
		};
		CBD2877B192DAC9200AA22C5 /* User */ = {
			isa = PBXGroup;
			children = (
				CB7C04FD18A08F72009CAD15 /* SDRUser.h */,
				CB7C04FE18A08F72009CAD15 /* SDRUser.m */,
			);
			name = User;
			sourceTree = "<group>";
		};
		CBD2877C192DAC9D00AA22C5 /* Hotel */ = {
			isa = PBXGroup;
			children = (
				CBD2876A192D9D7500AA22C5 /* SDRHotel.h */,
				CBD2876B192D9D7500AA22C5 /* SDRHotel.m */,
				CBD28776192DAA6C00AA22C5 /* SDRHotelChannel.h */,
				CBD28777192DAA6C00AA22C5 /* SDRHotelChannel.m */,
			);
			name = Hotel;
			sourceTree = "<group>";
		};
		CBDADFFD1971EFCA007CA10F /* Selections */ = {
			isa = PBXGroup;
			children = (
				CBDADFFE1971EFFA007CA10F /* SDRSlideMenu.h */,
				CBDADFFF1971EFFA007CA10F /* SDRSlideMenu.m */,
				CB7C166919735D5A00AEABB4 /* SDRAlertComponent.h */,
				CB7C166A19735D5A00AEABB4 /* SDRAlertComponent.m */,
			);
			name = Selections;
			sourceTree = "<group>";
		};
		CBE3D4D9189594B600BB0671 = {
			isa = PBXGroup;
			children = (
				CBE3D4EB189594B600BB0671 /* Leveredge */,
				CBE3D504189594B600BB0671 /* LeveredgeTests */,
				CBE3D4E4189594B600BB0671 /* Frameworks */,
				CBE3D4E3189594B600BB0671 /* Products */,
				E396222AA1DE4DB5A1D7F428 /* Pods.xcconfig */,
			);
			sourceTree = "<group>";
		};
		CBE3D4E3189594B600BB0671 /* Products */ = {
			isa = PBXGroup;
			children = (
				CBE3D4E2189594B600BB0671 /* Leveredge.app */,
				CBE3D4FD189594B600BB0671 /* LeveredgeTests.xctest */,
			);
			name = Products;
			sourceTree = "<group>";
		};
		CBE3D4E4189594B600BB0671 /* Frameworks */ = {
			isa = PBXGroup;
			children = (
				CB2F740B195F9FD10072570F /* SystemConfiguration.framework */,
				CB961AE11931E273009CF03A /* AWSRuntime.framework */,
				CB961ADF1931E266009CF03A /* AWSS3.framework */,
				CB60A92C19303C0000E59602 /* QuartzCore.framework */,
				CB60A92A19303BF700E59602 /* MobileCoreServices.framework */,
				CB60A92819303BED00E59602 /* MediaPlayer.framework */,
				CBD28771192D9F9D00AA22C5 /* CoreMedia.framework */,
				CBD2876F192D9F9100AA22C5 /* AssetsLibrary.framework */,
				CBD2876D192D9EE100AA22C5 /* AVFoundation.framework */,
				CBE3D4E5189594B600BB0671 /* Foundation.framework */,
				CBE3D4E7189594B600BB0671 /* CoreGraphics.framework */,
				CBE3D4E9189594B600BB0671 /* UIKit.framework */,
				CBE3D4FE189594B600BB0671 /* XCTest.framework */,
				C64A35BB9BE04865B12E6230 /* libPods.a */,
			);
			name = Frameworks;
			sourceTree = "<group>";
		};
		CBE3D4EB189594B600BB0671 /* Leveredge */ = {
			isa = PBXGroup;
			children = (
				CBF5E1CA18A2E6D10051A49F /* View Controls */,
				CB7C04E7189EC713009CAD15 /* Data Layer */,
				CB7C04DF189DA014009CAD15 /* Assets */,
				CB7C04DA189D92CA009CAD15 /* Presentation Layer */,
				CBE3D5181895A4B300BB0671 /* Constants */,
				CBE3D4F4189594B600BB0671 /* SDRAppDelegate.h */,
				CBE3D4F5189594B600BB0671 /* SDRAppDelegate.m */,
				CBE3D4F7189594B600BB0671 /* Images.xcassets */,
				CBE3D4EC189594B600BB0671 /* Supporting Files */,
			);
			path = Leveredge;
			sourceTree = "<group>";
		};
		CBE3D4EC189594B600BB0671 /* Supporting Files */ = {
			isa = PBXGroup;
			children = (
				CBE3D4ED189594B600BB0671 /* Leveredge-Info.plist */,
				CBE3D4EE189594B600BB0671 /* InfoPlist.strings */,
				CBE3D4F1189594B600BB0671 /* main.m */,
				CBE3D4F3189594B600BB0671 /* Leveredge-Prefix.pch */,
			);
			name = "Supporting Files";
			sourceTree = "<group>";
		};
		CBE3D504189594B600BB0671 /* LeveredgeTests */ = {
			isa = PBXGroup;
			children = (
				CBE3D50A189594B600BB0671 /* LeveredgeTests.m */,
				CBE3D505189594B600BB0671 /* Supporting Files */,
			);
			path = LeveredgeTests;
			sourceTree = "<group>";
		};
		CBE3D505189594B600BB0671 /* Supporting Files */ = {
			isa = PBXGroup;
			children = (
				CBE3D506189594B600BB0671 /* LeveredgeTests-Info.plist */,
				CBE3D507189594B600BB0671 /* InfoPlist.strings */,
			);
			name = "Supporting Files";
			sourceTree = "<group>";
		};
		CBE3D5141895957D00BB0671 /* ViewControllers */ = {
			isa = PBXGroup;
			children = (
				CB9F475B1976289F006CFE55 /* MapSearch */,
				CBED85F9193023470080EE2A /* Login */,
				CBED85F8193023400080EE2A /* Vendors */,
				CBED85FA193023A40080EE2A /* Selections */,
				CBED85FB193023B90080EE2A /* Secondary */,
				CBED85FC193023C10080EE2A /* Hotels */,
			);
			name = ViewControllers;
			sourceTree = "<group>";
		};
		CBE3D5181895A4B300BB0671 /* Constants */ = {
			isa = PBXGroup;
			children = (
				CBE3D5191895A4D100BB0671 /* SDRViewConstants.h */,
				CB7C04EF189ED4F1009CAD15 /* SDRAppConstants.h */,
			);
			name = Constants;
			sourceTree = "<group>";
		};
		CBED85F8193023400080EE2A /* Vendors */ = {
			isa = PBXGroup;
			children = (
				CB7C04D7189D92C1009CAD15 /* SDRVendorsListViewController.h */,
				CB7C04D8189D92C1009CAD15 /* SDRVendorsListViewController.m */,
				CB7C04F7189F0C39009CAD15 /* SDRVendorViewController.h */,
				CB7C04F8189F0C39009CAD15 /* SDRVendorViewController.m */,
			);
			name = Vendors;
			sourceTree = "<group>";
		};
		CBED85F9193023470080EE2A /* Login */ = {
			isa = PBXGroup;
			children = (
				CBE3D5151895961300BB0671 /* SDRLoginViewController.h */,
				CBE3D5161895961300BB0671 /* SDRLoginViewController.m */,
			);
			name = Login;
			sourceTree = "<group>";
		};
		CBED85FA193023A40080EE2A /* Selections */ = {
			isa = PBXGroup;
			children = (
				CB4447D218D4AE4D00F3854B /* SDRSelectionsViewController.h */,
				CB4447D318D4AE4D00F3854B /* SDRSelectionsViewController.m */,
			);
			name = Selections;
			sourceTree = "<group>";
		};
		CBED85FB193023B90080EE2A /* Secondary */ = {
			isa = PBXGroup;
			children = (
				CB4447E418D4F9D000F3854B /* SDRFilterTableViewController.h */,
				CB4447E518D4F9D000F3854B /* SDRFilterTableViewController.m */,
			);
			name = Secondary;
			sourceTree = "<group>";
		};
		CBED85FC193023C10080EE2A /* Hotels */ = {
			isa = PBXGroup;
			children = (
				CB1102DB1937704A0047684C /* SDRHotelViewController.h */,
				CB1102DC1937704A0047684C /* SDRHotelViewController.m */,
				CBD287601925B24F00AA22C5 /* SDRHotelsListViewController.h */,
				CBD287611925B24F00AA22C5 /* SDRHotelsListViewController.m */,
			);
			name = Hotels;
			sourceTree = "<group>";
		};
		CBF5E1CA18A2E6D10051A49F /* View Controls */ = {
			isa = PBXGroup;
			children = (
				CBF5E1C718A2E6B30051A49F /* SDRCarousel.h */,
				CBF5E1C818A2E6B30051A49F /* SDRCarousel.m */,
			);
			name = "View Controls";
			sourceTree = "<group>";
		};
/* End PBXGroup section */

/* Begin PBXNativeTarget section */
		CBE3D4E1189594B600BB0671 /* Leveredge */ = {
			isa = PBXNativeTarget;
			buildConfigurationList = CBE3D50E189594B600BB0671 /* Build configuration list for PBXNativeTarget "Leveredge" */;
			buildPhases = (
				557687F3D3A146BE82D1DB90 /* Check Pods Manifest.lock */,
				CBE3D4DE189594B600BB0671 /* Sources */,
				CBE3D4DF189594B600BB0671 /* Frameworks */,
				CBE3D4E0189594B600BB0671 /* Resources */,
				D30A1FEE23A144DBA58F0187 /* Copy Pods Resources */,
			);
			buildRules = (
			);
			dependencies = (
			);
			name = Leveredge;
			productName = Leveredge;
			productReference = CBE3D4E2189594B600BB0671 /* Leveredge.app */;
			productType = "com.apple.product-type.application";
		};
		CBE3D4FC189594B600BB0671 /* LeveredgeTests */ = {
			isa = PBXNativeTarget;
			buildConfigurationList = CBE3D511189594B600BB0671 /* Build configuration list for PBXNativeTarget "LeveredgeTests" */;
			buildPhases = (
				CBE3D4F9189594B600BB0671 /* Sources */,
				CBE3D4FA189594B600BB0671 /* Frameworks */,
				CBE3D4FB189594B600BB0671 /* Resources */,
			);
			buildRules = (
			);
			dependencies = (
				CBE3D503189594B600BB0671 /* PBXTargetDependency */,
			);
			name = LeveredgeTests;
			productName = LeveredgeTests;
			productReference = CBE3D4FD189594B600BB0671 /* LeveredgeTests.xctest */;
			productType = "com.apple.product-type.bundle.unit-test";
		};
/* End PBXNativeTarget section */

/* Begin PBXProject section */
		CBE3D4DA189594B600BB0671 /* Project object */ = {
			isa = PBXProject;
			attributes = {
				CLASSPREFIX = SDR;
				LastUpgradeCheck = 0510;
				ORGANIZATIONNAME = "Shane Rogers";
				TargetAttributes = {
					CBE3D4E1189594B600BB0671 = {
						DevelopmentTeam = C4NFUQ8T98;
					};
					CBE3D4FC189594B600BB0671 = {
						TestTargetID = CBE3D4E1189594B600BB0671;
					};
				};
			};
			buildConfigurationList = CBE3D4DD189594B600BB0671 /* Build configuration list for PBXProject "Leveredge" */;
			compatibilityVersion = "Xcode 3.2";
			developmentRegion = English;
			hasScannedForEncodings = 0;
			knownRegions = (
				en,
			);
			mainGroup = CBE3D4D9189594B600BB0671;
			productRefGroup = CBE3D4E3189594B600BB0671 /* Products */;
			projectDirPath = "";
			projectRoot = "";
			targets = (
				CBE3D4E1189594B600BB0671 /* Leveredge */,
				CBE3D4FC189594B600BB0671 /* LeveredgeTests */,
			);
		};
/* End PBXProject section */

/* Begin PBXResourcesBuildPhase section */
		CBE3D4E0189594B600BB0671 /* Resources */ = {
			isa = PBXResourcesBuildPhase;
			buildActionMask = 2147483647;
			files = (
				CB4447CB18D4082800F3854B /* leveredgeLogo@2x.png in Resources */,
				CB4447DF18D4F2A500F3854B /* knifeAndForkUnhighlighted@2x.png in Resources */,
				CB4447E118D4F2A500F3854B /* selectionsUnhighlighted@2x.png in Resources */,
				CB4447DE18D4F2A500F3854B /* knifeAndForkHighlighted@2x.png in Resources */,
				CBD2875F1925B09400AA22C5 /* videoUnhighlighted@2x.png in Resources */,
				CBE3D4F0189594B600BB0671 /* InfoPlist.strings in Resources */,
				CB9F475A197627C5006CFE55 /* mapUnhighlighted@2x.png in Resources */,
				CBA355B219737301005E6B29 /* alertIcon@2x.png in Resources */,
				CB4447CF18D4165900F3854B /* filterIcon@2x.png in Resources */,
				CB7C04E2189DA02F009CAD15 /* littleowl@2x.jpg in Resources */,
				CB4447E018D4F2A500F3854B /* selectionsHighlighted@2x.png in Resources */,
				CBE3D4F8189594B600BB0671 /* Images.xcassets in Resources */,
				CB9F4758197627BE006CFE55 /* mapHighlighted@2x.png in Resources */,
				CB4447D118D4176300F3854B /* filterIconSmall@2x.png in Resources */,
				CB4447CD18D4116000F3854B /* leveredgeLogoHero@2x.png in Resources */,
				CBD2875E1925B09400AA22C5 /* videoHighlighted@2x.png in Resources */,
			);
			runOnlyForDeploymentPostprocessing = 0;
		};
		CBE3D4FB189594B600BB0671 /* Resources */ = {
			isa = PBXResourcesBuildPhase;
			buildActionMask = 2147483647;
			files = (
				CBE3D509189594B600BB0671 /* InfoPlist.strings in Resources */,
			);
			runOnlyForDeploymentPostprocessing = 0;
		};
/* End PBXResourcesBuildPhase section */

/* Begin PBXShellScriptBuildPhase section */
		557687F3D3A146BE82D1DB90 /* Check Pods Manifest.lock */ = {
			isa = PBXShellScriptBuildPhase;
			buildActionMask = 2147483647;
			files = (
			);
			inputPaths = (
			);
			name = "Check Pods Manifest.lock";
			outputPaths = (
			);
			runOnlyForDeploymentPostprocessing = 0;
			shellPath = /bin/sh;
			shellScript = "diff \"${PODS_ROOT}/../Podfile.lock\" \"${PODS_ROOT}/Manifest.lock\" > /dev/null\nif [[ $? != 0 ]] ; then\n    cat << EOM\nerror: The sandbox is not in sync with the Podfile.lock. Run 'pod install' or update your CocoaPods installation.\nEOM\n    exit 1\nfi\n";
			showEnvVarsInLog = 0;
		};
		D30A1FEE23A144DBA58F0187 /* Copy Pods Resources */ = {
			isa = PBXShellScriptBuildPhase;
			buildActionMask = 2147483647;
			files = (
			);
			inputPaths = (
			);
			name = "Copy Pods Resources";
			outputPaths = (
			);
			runOnlyForDeploymentPostprocessing = 0;
			shellPath = /bin/sh;
			shellScript = "\"${SRCROOT}/Pods/Pods-resources.sh\"\n";
			showEnvVarsInLog = 0;
		};
/* End PBXShellScriptBuildPhase section */

/* Begin PBXSourcesBuildPhase section */
		CBE3D4DE189594B600BB0671 /* Sources */ = {
			isa = PBXSourcesBuildPhase;
			buildActionMask = 2147483647;
			files = (
				CB7C166B19735D5A00AEABB4 /* SDRAlertComponent.m in Sources */,
				CB7C04EB189EC865009CAD15 /* SDRVendor.m in Sources */,
				CB7C04D9189D92C1009CAD15 /* SDRVendorsListViewController.m in Sources */,
				CBD28778192DAA6C00AA22C5 /* SDRHotelChannel.m in Sources */,
				CB8B6D5918A6B6FE00E63566 /* SDRCommentsView.m in Sources */,
				CB7C050218A091E6009CAD15 /* SDRAuthStore.m in Sources */,
				CB7C04F9189F0C39009CAD15 /* SDRVendorViewController.m in Sources */,
				CBD28775192DA71500AA22C5 /* SDRHotelStore.m in Sources */,
				CB1102DD1937704A0047684C /* SDRHotelViewController.m in Sources */,
				CB4447D418D4AE4D00F3854B /* SDRSelectionsViewController.m in Sources */,
				CB7C04DE189D9AEE009CAD15 /* SDRVendorsTableCell.m in Sources */,
				CB8B6D5C18A6C94A00E63566 /* SDRCommentViewCell.m in Sources */,
				CBF5E1C918A2E6B30051A49F /* SDRCarousel.m in Sources */,
				CBE3D4F6189594B600BB0671 /* SDRAppDelegate.m in Sources */,
				CBD28769192D98A500AA22C5 /* SDRHotelsTableViewCell.m in Sources */,
				CB7C04F6189ED5C0009CAD15 /* SDRConnection.m in Sources */,
				CBD2876C192D9D7500AA22C5 /* SDRHotel.m in Sources */,
				CB4447E618D4F9D000F3854B /* SDRFilterTableViewController.m in Sources */,
				CBE3D5171895961300BB0671 /* SDRLoginViewController.m in Sources */,
				CB9F47621978DFF8006CFE55 /* SDRMapAnnotation.m in Sources */,
				CBDAE0001971EFFA007CA10F /* SDRSlideMenu.m in Sources */,
				CBE3D4F2189594B600BB0671 /* main.m in Sources */,
				CB7C04FF18A08F72009CAD15 /* SDRUser.m in Sources */,
				CB7C04E6189EC6FD009CAD15 /* SDRVendorChannel.m in Sources */,
				CB9F475E197628B8006CFE55 /* SDRMapSearchViewController.m in Sources */,
				CBD287621925B24F00AA22C5 /* SDRHotelsListViewController.m in Sources */,
				CB7C04EE189ED32F009CAD15 /* SDRVendorStore.m in Sources */,
				CB8B6D5618A6B1E100E63566 /* SDRLeveredgeButton.m in Sources */,
			);
			runOnlyForDeploymentPostprocessing = 0;
		};
		CBE3D4F9189594B600BB0671 /* Sources */ = {
			isa = PBXSourcesBuildPhase;
			buildActionMask = 2147483647;
			files = (
				CBE3D50B189594B600BB0671 /* LeveredgeTests.m in Sources */,
			);
			runOnlyForDeploymentPostprocessing = 0;
		};
/* End PBXSourcesBuildPhase section */

/* Begin PBXTargetDependency section */
		CBE3D503189594B600BB0671 /* PBXTargetDependency */ = {
			isa = PBXTargetDependency;
			target = CBE3D4E1189594B600BB0671 /* Leveredge */;
			targetProxy = CBE3D502189594B600BB0671 /* PBXContainerItemProxy */;
		};
/* End PBXTargetDependency section */

/* Begin PBXVariantGroup section */
		CBE3D4EE189594B600BB0671 /* InfoPlist.strings */ = {
			isa = PBXVariantGroup;
			children = (
				CBE3D4EF189594B600BB0671 /* en */,
			);
			name = InfoPlist.strings;
			sourceTree = "<group>";
		};
		CBE3D507189594B600BB0671 /* InfoPlist.strings */ = {
			isa = PBXVariantGroup;
			children = (
				CBE3D508189594B600BB0671 /* en */,
			);
			name = InfoPlist.strings;
			sourceTree = "<group>";
		};
/* End PBXVariantGroup section */

/* Begin XCBuildConfiguration section */
		CBE3D50C189594B600BB0671 /* Debug */ = {
			isa = XCBuildConfiguration;
			buildSettings = {
				ALWAYS_SEARCH_USER_PATHS = NO;
				CLANG_CXX_LANGUAGE_STANDARD = "gnu++0x";
				CLANG_CXX_LIBRARY = "libc++";
				CLANG_ENABLE_MODULES = YES;
				CLANG_ENABLE_OBJC_ARC = YES;
				CLANG_WARN_BOOL_CONVERSION = YES;
				CLANG_WARN_CONSTANT_CONVERSION = YES;
				CLANG_WARN_DIRECT_OBJC_ISA_USAGE = YES_ERROR;
				CLANG_WARN_EMPTY_BODY = YES;
				CLANG_WARN_ENUM_CONVERSION = YES;
				CLANG_WARN_INT_CONVERSION = YES;
				CLANG_WARN_OBJC_ROOT_CLASS = YES_ERROR;
				CLANG_WARN__DUPLICATE_METHOD_MATCH = YES;
				"CODE_SIGN_IDENTITY[sdk=iphoneos*]" = "iPhone Developer";
				COPY_PHASE_STRIP = NO;
				GCC_C_LANGUAGE_STANDARD = gnu99;
				GCC_DYNAMIC_NO_PIC = NO;
				GCC_OPTIMIZATION_LEVEL = 0;
				GCC_PREPROCESSOR_DEFINITIONS = (
					"DEBUG=1",
					"$(inherited)",
				);
				GCC_SYMBOLS_PRIVATE_EXTERN = NO;
				GCC_WARN_64_TO_32_BIT_CONVERSION = YES;
				GCC_WARN_ABOUT_RETURN_TYPE = YES_ERROR;
				GCC_WARN_UNDECLARED_SELECTOR = YES;
				GCC_WARN_UNINITIALIZED_AUTOS = YES;
				GCC_WARN_UNUSED_FUNCTION = YES;
				GCC_WARN_UNUSED_VARIABLE = YES;
				IPHONEOS_DEPLOYMENT_TARGET = 7.0;
				ONLY_ACTIVE_ARCH = YES;
				SDKROOT = iphoneos;
				TARGETED_DEVICE_FAMILY = "1,2";
			};
			name = Debug;
		};
		CBE3D50D189594B600BB0671 /* Release */ = {
			isa = XCBuildConfiguration;
			buildSettings = {
				ALWAYS_SEARCH_USER_PATHS = NO;
				CLANG_CXX_LANGUAGE_STANDARD = "gnu++0x";
				CLANG_CXX_LIBRARY = "libc++";
				CLANG_ENABLE_MODULES = YES;
				CLANG_ENABLE_OBJC_ARC = YES;
				CLANG_WARN_BOOL_CONVERSION = YES;
				CLANG_WARN_CONSTANT_CONVERSION = YES;
				CLANG_WARN_DIRECT_OBJC_ISA_USAGE = YES_ERROR;
				CLANG_WARN_EMPTY_BODY = YES;
				CLANG_WARN_ENUM_CONVERSION = YES;
				CLANG_WARN_INT_CONVERSION = YES;
				CLANG_WARN_OBJC_ROOT_CLASS = YES_ERROR;
				CLANG_WARN__DUPLICATE_METHOD_MATCH = YES;
				"CODE_SIGN_IDENTITY[sdk=iphoneos*]" = "iPhone Developer";
				COPY_PHASE_STRIP = YES;
				ENABLE_NS_ASSERTIONS = NO;
				GCC_C_LANGUAGE_STANDARD = gnu99;
				GCC_WARN_64_TO_32_BIT_CONVERSION = YES;
				GCC_WARN_ABOUT_RETURN_TYPE = YES_ERROR;
				GCC_WARN_UNDECLARED_SELECTOR = YES;
				GCC_WARN_UNINITIALIZED_AUTOS = YES;
				GCC_WARN_UNUSED_FUNCTION = YES;
				GCC_WARN_UNUSED_VARIABLE = YES;
				IPHONEOS_DEPLOYMENT_TARGET = 7.0;
				SDKROOT = iphoneos;
				TARGETED_DEVICE_FAMILY = "1,2";
				VALIDATE_PRODUCT = YES;
			};
			name = Release;
		};
		CBE3D50F189594B600BB0671 /* Debug */ = {
			isa = XCBuildConfiguration;
			baseConfigurationReference = E396222AA1DE4DB5A1D7F428 /* Pods.xcconfig */;
			buildSettings = {
				ASSETCATALOG_COMPILER_APPICON_NAME = AppIcon;
				ASSETCATALOG_COMPILER_LAUNCHIMAGE_NAME = LaunchImage;
				CODE_SIGN_IDENTITY = "iPhone Developer";
				"CODE_SIGN_IDENTITY[sdk=iphoneos*]" = "iPhone Developer";
				FRAMEWORK_SEARCH_PATHS = (
					"$(inherited)",
					"/Users/shanerogers/Downloads/Amazon/aws-ios-sdk-1.7.1",
				);
				GCC_PRECOMPILE_PREFIX_HEADER = YES;
				GCC_PREFIX_HEADER = "Leveredge/Leveredge-Prefix.pch";
				INFOPLIST_FILE = "Leveredge/Leveredge-Info.plist";
				LIBRARY_SEARCH_PATHS = (
					"$(inherited)",
					/Users/shanerogers/projects/ios/TestFlightSDK,
				);
				PRODUCT_NAME = "$(TARGET_NAME)";
				PROVISIONING_PROFILE = "";
				VALID_ARCHS = "armv7 arm64 armv7s";
				WRAPPER_EXTENSION = app;
			};
			name = Debug;
		};
		CBE3D510189594B600BB0671 /* Release */ = {
			isa = XCBuildConfiguration;
			baseConfigurationReference = E396222AA1DE4DB5A1D7F428 /* Pods.xcconfig */;
			buildSettings = {
				ASSETCATALOG_COMPILER_APPICON_NAME = AppIcon;
				ASSETCATALOG_COMPILER_LAUNCHIMAGE_NAME = LaunchImage;
				CODE_SIGN_IDENTITY = "iPhone Developer";
				"CODE_SIGN_IDENTITY[sdk=iphoneos*]" = "iPhone Developer";
				FRAMEWORK_SEARCH_PATHS = (
					"$(inherited)",
					"/Users/shanerogers/Downloads/Amazon/aws-ios-sdk-1.7.1",
				);
				GCC_PRECOMPILE_PREFIX_HEADER = YES;
				GCC_PREFIX_HEADER = "Leveredge/Leveredge-Prefix.pch";
				INFOPLIST_FILE = "Leveredge/Leveredge-Info.plist";
				LIBRARY_SEARCH_PATHS = (
					"$(inherited)",
					/Users/shanerogers/projects/ios/TestFlightSDK,
				);
				PRODUCT_NAME = "$(TARGET_NAME)";
				PROVISIONING_PROFILE = "";
				VALID_ARCHS = "armv7 arm64 armv7s";
				WRAPPER_EXTENSION = app;
			};
			name = Release;
		};
		CBE3D512189594B600BB0671 /* Debug */ = {
			isa = XCBuildConfiguration;
			buildSettings = {
				BUNDLE_LOADER = "$(BUILT_PRODUCTS_DIR)/Leveredge.app/Leveredge";
				FRAMEWORK_SEARCH_PATHS = (
					"$(SDKROOT)/Developer/Library/Frameworks",
					"$(inherited)",
					"$(DEVELOPER_FRAMEWORKS_DIR)",
				);
				GCC_PRECOMPILE_PREFIX_HEADER = YES;
				GCC_PREFIX_HEADER = "Leveredge/Leveredge-Prefix.pch";
				GCC_PREPROCESSOR_DEFINITIONS = (
					"DEBUG=1",
					"$(inherited)",
				);
				INFOPLIST_FILE = "LeveredgeTests/LeveredgeTests-Info.plist";
				PRODUCT_NAME = "$(TARGET_NAME)";
				TEST_HOST = "$(BUNDLE_LOADER)";
				WRAPPER_EXTENSION = xctest;
			};
			name = Debug;
		};
		CBE3D513189594B600BB0671 /* Release */ = {
			isa = XCBuildConfiguration;
			buildSettings = {
				BUNDLE_LOADER = "$(BUILT_PRODUCTS_DIR)/Leveredge.app/Leveredge";
				FRAMEWORK_SEARCH_PATHS = (
					"$(SDKROOT)/Developer/Library/Frameworks",
					"$(inherited)",
					"$(DEVELOPER_FRAMEWORKS_DIR)",
				);
				GCC_PRECOMPILE_PREFIX_HEADER = YES;
				GCC_PREFIX_HEADER = "Leveredge/Leveredge-Prefix.pch";
				INFOPLIST_FILE = "LeveredgeTests/LeveredgeTests-Info.plist";
				PRODUCT_NAME = "$(TARGET_NAME)";
				TEST_HOST = "$(BUNDLE_LOADER)";
				WRAPPER_EXTENSION = xctest;
			};
			name = Release;
		};
/* End XCBuildConfiguration section */

/* Begin XCConfigurationList section */
		CBE3D4DD189594B600BB0671 /* Build configuration list for PBXProject "Leveredge" */ = {
			isa = XCConfigurationList;
			buildConfigurations = (
				CBE3D50C189594B600BB0671 /* Debug */,
				CBE3D50D189594B600BB0671 /* Release */,
			);
			defaultConfigurationIsVisible = 0;
			defaultConfigurationName = Release;
		};
		CBE3D50E189594B600BB0671 /* Build configuration list for PBXNativeTarget "Leveredge" */ = {
			isa = XCConfigurationList;
			buildConfigurations = (
				CBE3D50F189594B600BB0671 /* Debug */,
				CBE3D510189594B600BB0671 /* Release */,
			);
			defaultConfigurationIsVisible = 0;
			defaultConfigurationName = Release;
		};
		CBE3D511189594B600BB0671 /* Build configuration list for PBXNativeTarget "LeveredgeTests" */ = {
			isa = XCConfigurationList;
			buildConfigurations = (
				CBE3D512189594B600BB0671 /* Debug */,
				CBE3D513189594B600BB0671 /* Release */,
			);
			defaultConfigurationIsVisible = 0;
			defaultConfigurationName = Release;
		};
/* End XCConfigurationList section */
	};
	rootObject = CBE3D4DA189594B600BB0671 /* Project object */;
}
